// !$*UTF8*$!
{
	archiveVersion = 1;
	classes = {
	};
	objectVersion = 46;
	objects = {

/* Begin PBXBuildFile section */
		C25578711B7C2EEC00959D59 /* CoreLocation.framework in Frameworks */ = {isa = PBXBuildFile; fileRef = C25578701B7C2EEC00959D59 /* CoreLocation.framework */; };
		C25578731B7C34D300959D59 /* zhinanzhen.png in Resources */ = {isa = PBXBuildFile; fileRef = C25578721B7C34D300959D59 /* zhinanzhen.png */; };
		C27DC3101B7C2DE700118BB2 /* main.m in Sources */ = {isa = PBXBuildFile; fileRef = C27DC30F1B7C2DE700118BB2 /* main.m */; };
		C27DC3131B7C2DE700118BB2 /* AppDelegate.m in Sources */ = {isa = PBXBuildFile; fileRef = C27DC3121B7C2DE700118BB2 /* AppDelegate.m */; };
		C27DC3151B7C2DE700118BB2 /* 指南针demo-Prefix.pch in Resources */ = {isa = PBXBuildFile; fileRef = C27DC3141B7C2DE700118BB2 /* 指南针demo-Prefix.pch */; };
		C27DC3171B7C2DE700118BB2 /* Images.xcassets in Resources */ = {isa = PBXBuildFile; fileRef = C27DC3161B7C2DE700118BB2 /* Images.xcassets */; };
		C27DC31A1B7C2DE700118BB2 /* LaunchScreen.xib in Resources */ = {isa = PBXBuildFile; fileRef = C27DC3181B7C2DE700118BB2 /* LaunchScreen.xib */; };
		C27DC3261B7C2DE700118BB2 /* ___demoTests.m in Sources */ = {isa = PBXBuildFile; fileRef = C27DC3251B7C2DE700118BB2 /* ___demoTests.m */; };
		C27DC3311B7C2E2100118BB2 /* RootViewController.m in Sources */ = {isa = PBXBuildFile; fileRef = C27DC3301B7C2E2100118BB2 /* RootViewController.m */; };
/* End PBXBuildFile section */

/* Begin PBXContainerItemProxy section */
		C27DC3201B7C2DE700118BB2 /* PBXContainerItemProxy */ = {
			isa = PBXContainerItemProxy;
			containerPortal = C27DC3021B7C2DE700118BB2 /* Project object */;
			proxyType = 1;
			remoteGlobalIDString = C27DC3091B7C2DE700118BB2;
			remoteInfo = "指南针demo";
		};
/* End PBXContainerItemProxy section */

/* Begin PBXFileReference section */
		C25578701B7C2EEC00959D59 /* CoreLocation.framework */ = {isa = PBXFileReference; lastKnownFileType = wrapper.framework; name = CoreLocation.framework; path = System/Library/Frameworks/CoreLocation.framework; sourceTree = SDKROOT; };
		C25578721B7C34D300959D59 /* zhinanzhen.png */ = {isa = PBXFileReference; lastKnownFileType = image.png; path = zhinanzhen.png; sourceTree = "<group>"; };
		C27DC30A1B7C2DE700118BB2 /* 指南针demo.app */ = {isa = PBXFileReference; explicitFileType = wrapper.application; includeInIndex = 0; path = "指南针demo.app"; sourceTree = BUILT_PRODUCTS_DIR; };
		C27DC30E1B7C2DE700118BB2 /* Info.plist */ = {isa = PBXFileReference; lastKnownFileType = text.plist.xml; path = Info.plist; sourceTree = "<group>"; };
		C27DC30F1B7C2DE700118BB2 /* main.m */ = {isa = PBXFileReference; lastKnownFileType = sourcecode.c.objc; path = main.m; sourceTree = "<group>"; };
		C27DC3111B7C2DE700118BB2 /* AppDelegate.h */ = {isa = PBXFileReference; lastKnownFileType = sourcecode.c.h; path = AppDelegate.h; sourceTree = "<group>"; };
		C27DC3121B7C2DE700118BB2 /* AppDelegate.m */ = {isa = PBXFileReference; lastKnownFileType = sourcecode.c.objc; path = AppDelegate.m; sourceTree = "<group>"; };
		C27DC3141B7C2DE700118BB2 /* 指南针demo-Prefix.pch */ = {isa = PBXFileReference; lastKnownFileType = sourcecode.c.h; path = "指南针demo-Prefix.pch"; sourceTree = "<group>"; };
		C27DC3161B7C2DE700118BB2 /* Images.xcassets */ = {isa = PBXFileReference; lastKnownFileType = folder.assetcatalog; path = Images.xcassets; sourceTree = "<group>"; };
		C27DC3191B7C2DE700118BB2 /* Base */ = {isa = PBXFileReference; lastKnownFileType = file.xib; name = Base; path = Base.lproj/LaunchScreen.xib; sourceTree = "<group>"; };
		C27DC31F1B7C2DE700118BB2 /* 指南针demoTests.xctest */ = {isa = PBXFileReference; explicitFileType = wrapper.cfbundle; includeInIndex = 0; path = "指南针demoTests.xctest"; sourceTree = BUILT_PRODUCTS_DIR; };
		C27DC3241B7C2DE700118BB2 /* Info.plist */ = {isa = PBXFileReference; lastKnownFileType = text.plist.xml; path = Info.plist; sourceTree = "<group>"; };
		C27DC3251B7C2DE700118BB2 /* ___demoTests.m */ = {isa = PBXFileReference; lastKnownFileType = sourcecode.c.objc; path = "___demoTests.m"; sourceTree = "<group>"; };
		C27DC32F1B7C2E2100118BB2 /* RootViewController.h */ = {isa = PBXFileReference; fileEncoding = 4; lastKnownFileType = sourcecode.c.h; path = RootViewController.h; sourceTree = "<group>"; };
		C27DC3301B7C2E2100118BB2 /* RootViewController.m */ = {isa = PBXFileReference; fileEncoding = 4; lastKnownFileType = sourcecode.c.objc; path = RootViewController.m; sourceTree = "<group>"; };
/* End PBXFileReference section */

/* Begin PBXFrameworksBuildPhase section */
		C27DC3071B7C2DE700118BB2 /* Frameworks */ = {
			isa = PBXFrameworksBuildPhase;
			buildActionMask = 2147483647;
			files = (
				C25578711B7C2EEC00959D59 /* CoreLocation.framework in Frameworks */,
			);
			runOnlyForDeploymentPostprocessing = 0;
		};
		C27DC31C1B7C2DE700118BB2 /* Frameworks */ = {
			isa = PBXFrameworksBuildPhase;
			buildActionMask = 2147483647;
			files = (
			);
			runOnlyForDeploymentPostprocessing = 0;
		};
/* End PBXFrameworksBuildPhase section */

/* Begin PBXGroup section */
		C27DC3011B7C2DE700118BB2 = {
			isa = PBXGroup;
			children = (
				C25578701B7C2EEC00959D59 /* CoreLocation.framework */,
				C27DC30C1B7C2DE700118BB2 /* 指南针demo */,
				C27DC3221B7C2DE700118BB2 /* 指南针demoTests */,
				C27DC30B1B7C2DE700118BB2 /* Products */,
			);
			sourceTree = "<group>";
		};
		C27DC30B1B7C2DE700118BB2 /* Products */ = {
			isa = PBXGroup;
			children = (
				C27DC30A1B7C2DE700118BB2 /* 指南针demo.app */,
				C27DC31F1B7C2DE700118BB2 /* 指南针demoTests.xctest */,
			);
			name = Products;
			sourceTree = "<group>";
		};
		C27DC30C1B7C2DE700118BB2 /* 指南针demo */ = {
			isa = PBXGroup;
			children = (
				C25578721B7C34D300959D59 /* zhinanzhen.png */,
				C27DC3111B7C2DE700118BB2 /* AppDelegate.h */,
				C27DC3121B7C2DE700118BB2 /* AppDelegate.m */,
				C27DC32F1B7C2E2100118BB2 /* RootViewController.h */,
				C27DC3301B7C2E2100118BB2 /* RootViewController.m */,
				C27DC3141B7C2DE700118BB2 /* 指南针demo-Prefix.pch */,
				C27DC3161B7C2DE700118BB2 /* Images.xcassets */,
				C27DC3181B7C2DE700118BB2 /* LaunchScreen.xib */,
				C27DC30D1B7C2DE700118BB2 /* Supporting Files */,
			);
			path = "指南针demo";
			sourceTree = "<group>";
		};
		C27DC30D1B7C2DE700118BB2 /* Supporting Files */ = {
			isa = PBXGroup;
			children = (
				C27DC30E1B7C2DE700118BB2 /* Info.plist */,
				C27DC30F1B7C2DE700118BB2 /* main.m */,
			);
			name = "Supporting Files";
			sourceTree = "<group>";
		};
		C27DC3221B7C2DE700118BB2 /* 指南针demoTests */ = {
			isa = PBXGroup;
			children = (
				C27DC3251B7C2DE700118BB2 /* ___demoTests.m */,
				C27DC3231B7C2DE700118BB2 /* Supporting Files */,
			);
			path = "指南针demoTests";
			sourceTree = "<group>";
		};
		C27DC3231B7C2DE700118BB2 /* Supporting Files */ = {
			isa = PBXGroup;
			children = (
				C27DC3241B7C2DE700118BB2 /* Info.plist */,
			);
			name = "Supporting Files";
			sourceTree = "<group>";
		};
/* End PBXGroup section */

/* Begin PBXNativeTarget section */
		C27DC3091B7C2DE700118BB2 /* 指南针demo */ = {
			isa = PBXNativeTarget;
			buildConfigurationList = C27DC3291B7C2DE700118BB2 /* Build configuration list for PBXNativeTarget "指南针demo" */;
			buildPhases = (
				C27DC3061B7C2DE700118BB2 /* Sources */,
				C27DC3071B7C2DE700118BB2 /* Frameworks */,
				C27DC3081B7C2DE700118BB2 /* Resources */,
			);
			buildRules = (
			);
			dependencies = (
			);
			name = "指南针demo";
			productName = "指南针demo";
			productReference = C27DC30A1B7C2DE700118BB2 /* 指南针demo.app */;
			productType = "com.apple.product-type.application";
		};
		C27DC31E1B7C2DE700118BB2 /* 指南针demoTests */ = {
			isa = PBXNativeTarget;
			buildConfigurationList = C27DC32C1B7C2DE700118BB2 /* Build configuration list for PBXNativeTarget "指南针demoTests" */;
			buildPhases = (
				C27DC31B1B7C2DE700118BB2 /* Sources */,
				C27DC31C1B7C2DE700118BB2 /* Frameworks */,
				C27DC31D1B7C2DE700118BB2 /* Resources */,
			);
			buildRules = (
			);
			dependencies = (
				C27DC3211B7C2DE700118BB2 /* PBXTargetDependency */,
			);
			name = "指南针demoTests";
			productName = "指南针demoTests";
			productReference = C27DC31F1B7C2DE700118BB2 /* 指南针demoTests.xctest */;
			productType = "com.apple.product-type.bundle.unit-test";
		};
/* End PBXNativeTarget section */

/* Begin PBXProject section */
		C27DC3021B7C2DE700118BB2 /* Project object */ = {
			isa = PBXProject;
			attributes = {
				LastUpgradeCheck = 0600;
				ORGANIZATIONNAME = "高建龙";
				TargetAttributes = {
					C27DC3091B7C2DE700118BB2 = {
						CreatedOnToolsVersion = 6.0.1;
					};
					C27DC31E1B7C2DE700118BB2 = {
						CreatedOnToolsVersion = 6.0.1;
						TestTargetID = C27DC3091B7C2DE700118BB2;
					};
				};
			};
			buildConfigurationList = C27DC3051B7C2DE700118BB2 /* Build configuration list for PBXProject "指南针demo" */;
			compatibilityVersion = "Xcode 3.2";
			developmentRegion = English;
			hasScannedForEncodings = 0;
			knownRegions = (
				en,
				Base,
			);
			mainGroup = C27DC3011B7C2DE700118BB2;
			productRefGroup = C27DC30B1B7C2DE700118BB2 /* Products */;
			projectDirPath = "";
			projectRoot = "";
			targets = (
				C27DC3091B7C2DE700118BB2 /* 指南针demo */,
				C27DC31E1B7C2DE700118BB2 /* 指南针demoTests */,
			);
		};
/* End PBXProject section */

/* Begin PBXResourcesBuildPhase section */
		C27DC3081B7C2DE700118BB2 /* Resources */ = {
			isa = PBXResourcesBuildPhase;
			buildActionMask = 2147483647;
			files = (
				C27DC3151B7C2DE700118BB2 /* 指南针demo-Prefix.pch in Resources */,
				C27DC31A1B7C2DE700118BB2 /* LaunchScreen.xib in Resources */,
				C25578731B7C34D300959D59 /* zhinanzhen.png in Resources */,
				C27DC3171B7C2DE700118BB2 /* Images.xcassets in Resources */,
			);
			runOnlyForDeploymentPostprocessing = 0;
		};
		C27DC31D1B7C2DE700118BB2 /* Resources */ = {
			isa = PBXResourcesBuildPhase;
			buildActionMask = 2147483647;
			files = (
			);
			runOnlyForDeploymentPostprocessing = 0;
		};
/* End PBXResourcesBuildPhase section */

/* Begin PBXSourcesBuildPhase section */
		C27DC3061B7C2DE700118BB2 /* Sources */ = {
			isa = PBXSourcesBuildPhase;
			buildActionMask = 2147483647;
			files = (
				C27DC3131B7C2DE700118BB2 /* AppDelegate.m in Sources */,
				C27DC3101B7C2DE700118BB2 /* main.m in Sources */,
				C27DC3311B7C2E2100118BB2 /* RootViewController.m in Sources */,
			);
			runOnlyForDeploymentPostprocessing = 0;
		};
		C27DC31B1B7C2DE700118BB2 /* Sources */ = {
			isa = PBXSourcesBuildPhase;
			buildActionMask = 2147483647;
			files = (
				C27DC3261B7C2DE700118BB2 /* ___demoTests.m in Sources */,
			);
			runOnlyForDeploymentPostprocessing = 0;
		};
/* End PBXSourcesBuildPhase section */

/* Begin PBXTargetDependency section */
		C27DC3211B7C2DE700118BB2 /* PBXTargetDependency */ = {
			isa = PBXTargetDependency;
			target = C27DC3091B7C2DE700118BB2 /* 指南针demo */;
			targetProxy = C27DC3201B7C2DE700118BB2 /* PBXContainerItemProxy */;
		};
/* End PBXTargetDependency section */

/* Begin PBXVariantGroup section */
		C27DC3181B7C2DE700118BB2 /* LaunchScreen.xib */ = {
			isa = PBXVariantGroup;
			children = (
				C27DC3191B7C2DE700118BB2 /* Base */,
			);
			name = LaunchScreen.xib;
			sourceTree = "<group>";
		};
/* End PBXVariantGroup section */

/* Begin XCBuildConfiguration section */
		C27DC3271B7C2DE700118BB2 /* Debug */ = {
			isa = XCBuildConfiguration;
			buildSettings = {
				ALWAYS_SEARCH_USER_PATHS = NO;
				CLANG_CXX_LANGUAGE_STANDARD = "gnu++0x";
				CLANG_CXX_LIBRARY = "libc++";
				CLANG_ENABLE_MODULES = YES;
				CLANG_ENABLE_OBJC_ARC = YES;
				CLANG_WARN_BOOL_CONVERSION = YES;
				CLANG_WARN_CONSTANT_CONVERSION = YES;
				CLANG_WARN_DIRECT_OBJC_ISA_USAGE = YES_ERROR;
				CLANG_WARN_EMPTY_BODY = YES;
				CLANG_WARN_ENUM_CONVERSION = YES;
				CLANG_WARN_INT_CONVERSION = YES;
				CLANG_WARN_OBJC_ROOT_CLASS = YES_ERROR;
				CLANG_WARN_UNREACHABLE_CODE = YES;
				CLANG_WARN__DUPLICATE_METHOD_MATCH = YES;
				"CODE_SIGN_IDENTITY[sdk=iphoneos*]" = "iPhone Developer";
				COPY_PHASE_STRIP = NO;
				ENABLE_STRICT_OBJC_MSGSEND = YES;
				GCC_C_LANGUAGE_STANDARD = gnu99;
				GCC_DYNAMIC_NO_PIC = NO;
				GCC_OPTIMIZATION_LEVEL = 0;
				GCC_PREPROCESSOR_DEFINITIONS = (
					"DEBUG=1",
					"$(inherited)",
				);
				GCC_SYMBOLS_PRIVATE_EXTERN = NO;
				GCC_WARN_64_TO_32_BIT_CONVERSION = YES;
				GCC_WARN_ABOUT_RETURN_TYPE = YES_ERROR;
				GCC_WARN_UNDECLARED_SELECTOR = YES;
				GCC_WARN_UNINITIALIZED_AUTOS = YES_AGGRESSIVE;
				GCC_WARN_UNUSED_FUNCTION = YES;
				GCC_WARN_UNUSED_VARIABLE = YES;
				IPHONEOS_DEPLOYMENT_TARGET = 8.0;
				MTL_ENABLE_DEBUG_INFO = YES;
				ONLY_ACTIVE_ARCH = YES;
				SDKROOT = iphoneos;
			};
			name = Debug;
		};
		C27DC3281B7C2DE700118BB2 /* Release */ = {
			isa = XCBuildConfiguration;
			buildSettings = {
				ALWAYS_SEARCH_USER_PATHS = NO;
				CLANG_CXX_LANGUAGE_STANDARD = "gnu++0x";
				CLANG_CXX_LIBRARY = "libc++";
				CLANG_ENABLE_MODULES = YES;
				CLANG_ENABLE_OBJC_ARC = YES;
				CLANG_WARN_BOOL_CONVERSION = YES;
				CLANG_WARN_CONSTANT_CONVERSION = YES;
				CLANG_WARN_DIRECT_OBJC_ISA_USAGE = YES_ERROR;
				CLANG_WARN_EMPTY_BODY = YES;
				CLANG_WARN_ENUM_CONVERSION = YES;
				CLANG_WARN_INT_CONVERSION = YES;
				CLANG_WARN_OBJC_ROOT_CLASS = YES_ERROR;
				CLANG_WARN_UNREACHABLE_CODE = YES;
				CLANG_WARN__DUPLICATE_METHOD_MATCH = YES;
				"CODE_SIGN_IDENTITY[sdk=iphoneos*]" = "iPhone Developer";
				COPY_PHASE_STRIP = YES;
				ENABLE_NS_ASSERTIONS = NO;
				ENABLE_STRICT_OBJC_MSGSEND = YES;
				GCC_C_LANGUAGE_STANDARD = gnu99;
				GCC_WARN_64_TO_32_BIT_CONVERSION = YES;
				GCC_WARN_ABOUT_RETURN_TYPE = YES_ERROR;
				GCC_WARN_UNDECLARED_SELECTOR = YES;
				GCC_WARN_UNINITIALIZED_AUTOS = YES_AGGRESSIVE;
				GCC_WARN_UNUSED_FUNCTION = YES;
				GCC_WARN_UNUSED_VARIABLE = YES;
				IPHONEOS_DEPLOYMENT_TARGET = 8.0;
				MTL_ENABLE_DEBUG_INFO = NO;
				SDKROOT = iphoneos;
				VALIDATE_PRODUCT = YES;
			};
			name = Release;
		};
		C27DC32A1B7C2DE700118BB2 /* Debug */ = {
			isa = XCBuildConfiguration;
			buildSettings = {
				ASSETCATALOG_COMPILER_APPICON_NAME = AppIcon;
				CODE_SIGN_IDENTITY = "iPhone Developer: YunLei Shi (U2J62577HB)";
				INFOPLIST_FILE = "指南针demo/Info.plist";
				LD_RUNPATH_SEARCH_PATHS = "$(inherited) @executable_path/Frameworks";
				PRODUCT_NAME = "$(TARGET_NAME)";
				PROVISIONING_PROFILE = "51cd44b5-ab0c-4123-aad7-12da1ccd68fb";
			};
			name = Debug;
		};
		C27DC32B1B7C2DE700118BB2 /* Release */ = {
			isa = XCBuildConfiguration;
			buildSettings = {
				ASSETCATALOG_COMPILER_APPICON_NAME = AppIcon;
				CODE_SIGN_IDENTITY = "iPhone Developer: YunLei Shi (U2J62577HB)";
				INFOPLIST_FILE = "指南针demo/Info.plist";
				LD_RUNPATH_SEARCH_PATHS = "$(inherited) @executable_path/Frameworks";
				PRODUCT_NAME = "$(TARGET_NAME)";
				PROVISIONING_PROFILE = "51cd44b5-ab0c-4123-aad7-12da1ccd68fb";
			};
			name = Release;
		};
		C27DC32D1B7C2DE700118BB2 /* Debug */ = {
			isa = XCBuildConfiguration;
			buildSettings = {
				BUNDLE_LOADER = "$(TEST_HOST)";
				FRAMEWORK_SEARCH_PATHS = (
					"$(SDKROOT)/Developer/Library/Frameworks",
					"$(inherited)",
				);
				GCC_PREPROCESSOR_DEFINITIONS = (
					"DEBUG=1",
					"$(inherited)",
				);
				INFOPLIST_FILE = "指南针demoTests/Info.plist";
				LD_RUNPATH_SEARCH_PATHS = "$(inherited) @executable_path/Frameworks @loader_path/Frameworks";
				PRODUCT_NAME = "$(TARGET_NAME)";
				TEST_HOST = "$(BUILT_PRODUCTS_DIR)/指南针demo.app/指南针demo";
			};
			name = Debug;
		};
		C27DC32E1B7C2DE700118BB2 /* Release */ = {
			isa = XCBuildConfiguration;
			buildSettings = {
				BUNDLE_LOADER = "$(TEST_HOST)";
				FRAMEWORK_SEARCH_PATHS = (
					"$(SDKROOT)/Developer/Library/Frameworks",
					"$(inherited)",
				);
				INFOPLIST_FILE = "指南针demoTests/Info.plist";
				LD_RUNPATH_SEARCH_PATHS = "$(inherited) @executable_path/Frameworks @loader_path/Frameworks";
				PRODUCT_NAME = "$(TARGET_NAME)";
				TEST_HOST = "$(BUILT_PRODUCTS_DIR)/指南针demo.app/指南针demo";
			};
			name = Release;
		};
/* End XCBuildConfiguration section */

/* Begin XCConfigurationList section */
		C27DC3051B7C2DE700118BB2 /* Build configuration list for PBXProject "指南针demo" */ = {
			isa = XCConfigurationList;
			buildConfigurations = (
				C27DC3271B7C2DE700118BB2 /* Debug */,
				C27DC3281B7C2DE700118BB2 /* Release */,
			);
			defaultConfigurationIsVisible = 0;
			defaultConfigurationName = Release;
		};
		C27DC3291B7C2DE700118BB2 /* Build configuration list for PBXNativeTarget "指南针demo" */ = {
			isa = XCConfigurationList;
			buildConfigurations = (
				C27DC32A1B7C2DE700118BB2 /* Debug */,
				C27DC32B1B7C2DE700118BB2 /* Release */,
			);
			defaultConfigurationIsVisible = 0;
			defaultConfigurationName = Release;
		};
		C27DC32C1B7C2DE700118BB2 /* Build configuration list for PBXNativeTarget "指南针demoTests" */ = {
			isa = XCConfigurationList;
			buildConfigurations = (
				C27DC32D1B7C2DE700118BB2 /* Debug */,
				C27DC32E1B7C2DE700118BB2 /* Release */,
			);
			defaultConfigurationIsVisible = 0;
			defaultConfigurationName = Release;
		};
/* End XCConfigurationList section */
	};
	rootObject = C27DC3021B7C2DE700118BB2 /* Project object */;
}
